
Microsoft Visual Studio Solution File, Format Version 12.00
Project("{FAE04EC0-301F-11D3-BF4B-00C04F79EFBC}") = "MeterApi", "MeterApi.csproj", "{360195C4-49B1-447C-8435-1C9060029453}"
EndProject
Project("{2150E333-8FDC-42A3-9474-1A3956D46DE8}") = "Solution Items", "Solution Items", "{77C17B68-BFA7-4E27-A816-AA430F4356BB}"
	ProjectSection(SolutionItems) = preProject
		docker-compose.yml = docker-compose.yml
	EndProjectSection
EndProject
Project("{2150E333-8FDC-42A3-9474-1A3956D46DE8}") = "Tests", "Tests", "{C1765623-C611-43E8-98E6-AD488DB52CEE}"
EndProject
Project("{FAE04EC0-301F-11D3-BF4B-00C04F79EFBC}") = "MeterApiTests", "MeterApiTests\MeterApiTests\MeterApiTests.csproj", "{C35F9135-DD5D-4ABD-A567-7D1B92052925}"
EndProject
Global
	GlobalSection(SolutionConfigurationPlatforms) = preSolution
		Debug|Any CPU = Debug|Any CPU
		Release|Any CPU = Release|Any CPU
	EndGlobalSection
	GlobalSection(ProjectConfigurationPlatforms) = postSolution
		{360195C4-49B1-447C-8435-1C9060029453}.Debug|Any CPU.ActiveCfg = Debug|Any CPU
		{360195C4-49B1-447C-8435-1C9060029453}.Debug|Any CPU.Build.0 = Debug|Any CPU
		{360195C4-49B1-447C-8435-1C9060029453}.Release|Any CPU.ActiveCfg = Release|Any CPU
		{360195C4-49B1-447C-8435-1C9060029453}.Release|Any CPU.Build.0 = Release|Any CPU
		{C35F9135-DD5D-4ABD-A567-7D1B92052925}.Debug|Any CPU.ActiveCfg = Debug|Any CPU
		{C35F9135-DD5D-4ABD-A567-7D1B92052925}.Debug|Any CPU.Build.0 = Debug|Any CPU
		{C35F9135-DD5D-4ABD-A567-7D1B92052925}.Release|Any CPU.ActiveCfg = Release|Any CPU
		{C35F9135-DD5D-4ABD-A567-7D1B92052925}.Release|Any CPU.Build.0 = Release|Any CPU
	EndGlobalSection
	GlobalSection(NestedProjects) = preSolution
		{C35F9135-DD5D-4ABD-A567-7D1B92052925} = {C1765623-C611-43E8-98E6-AD488DB52CEE}
	EndGlobalSection
EndGlobal
